<?xml version="1.0" encoding="UTF-8" standalone="yes" ?>
<CodeBlocks_project_file>
	<FileVersion major="1" minor="6" />
	<Project>
		<Option title="RPi-kee" />
		<Option pch_mode="2" />
		<Option compiler="gcc" />
		<Build>
			<Target title="Debug">
				<Option output="bin/Debug/RPi-kee" prefix_auto="1" extension_auto="1" />
				<Option object_output="obj/Debug/" />
				<Option type="1" />
				<Option compiler="gcc" />
				<Compiler>
					<Add option="-g" />
					<Add option="-DWin32" />
				</Compiler>
				<Linker>
					<Add option="-lpthreadGC2" />
				</Linker>
			</Target>
		</Build>
		<Compiler>
			<Add option="-Wall" />
		</Compiler>
		<Unit filename="Functions/functions.c">
			<Option compilerVar="CC" />
		</Unit>
		<Unit filename="Functions/functions.h" />
		<Unit filename="Parameters.c">
			<Option compilerVar="CC" />
		</Unit>
		<Unit filename="Parameters.h" />
		<Unit filename="Threads/th_ADC_Acq.c">
			<Option compilerVar="CC" />
		</Unit>
		<Unit filename="Threads/th_ADC_Acq.h" />
		<Unit filename="Threads/th_ADC_Data_Handle.c">
			<Option compilerVar="CC" />
		</Unit>
		<Unit filename="Threads/th_ADC_Data_Handle.h" />
		<Unit filename="Threads/th_CtrlCmd.c">
			<Option compilerVar="CC" />
		</Unit>
		<Unit filename="Threads/th_CtrlCmd.h" />
		<Unit filename="Threads/th_ImgAcq.c">
			<Option compilerVar="CC" />
		</Unit>
		<Unit filename="Threads/th_ImgAcq.h" />
		<Unit filename="Threads/th_ImgHandle.c">
			<Option compilerVar="CC" />
		</Unit>
		<Unit filename="Threads/th_ImgHandle.h" />
		<Unit filename="Threads/th_MotorLeftdrive.c">
			<Option compilerVar="CC" />
		</Unit>
		<Unit filename="Threads/th_MotorLeftdrive.h" />
		<Unit filename="Threads/th_MotorRightdrive.c">
			<Option compilerVar="CC" />
		</Unit>
		<Unit filename="Threads/th_MotorRightdrive.h" />
		<Unit filename="Threads/th_OtherSensorHandle.c">
			<Option compilerVar="CC" />
		</Unit>
		<Unit filename="Threads/th_OtherSensorHandle.h" />
		<Unit filename="Threads/th_Protections.c">
			<Option compilerVar="CC" />
		</Unit>
		<Unit filename="Threads/th_Protections.h" />
		<Unit filename="Threads/th_TCPCom.c">
			<Option compilerVar="CC" />
		</Unit>
		<Unit filename="Threads/th_TCPCom.h" />
		<Unit filename="Threads/th_debug.c">
			<Option compilerVar="CC" />
		</Unit>
		<Unit filename="Threads/th_debug.h" />
		<Unit filename="app_cfg.h" />
		<Unit filename="build.sh" />
		<Unit filename="driver/ADC.c">
			<Option compilerVar="CC" />
		</Unit>
		<Unit filename="driver/ADC.h" />
		<Unit filename="driver/IR_100_550.c">
			<Option compilerVar="CC" />
		</Unit>
		<Unit filename="driver/IR_100_550.h" />
		<Unit filename="driver/IR_20_150.c">
			<Option compilerVar="CC" />
		</Unit>
		<Unit filename="driver/IR_20_150.h" />
		<Unit filename="driver/Motor.c">
			<Option compilerVar="CC" />
		</Unit>
		<Unit filename="driver/Motor.h" />
		<Unit filename="global_var.c">
			<Option compilerVar="CC" />
		</Unit>
		<Unit filename="global_var.h" />
		<Unit filename="includes.h" />
		<Unit filename="llips/llips_cfg.h" />
		<Unit filename="llips/llips_contrastdetect.c">
			<Option compilerVar="CC" />
		</Unit>
		<Unit filename="llips/llips_contrastdetect.h" />
		<Unit filename="llips/llips_functions.c">
			<Option compilerVar="CC" />
		</Unit>
		<Unit filename="llips/llips_functions.h" />
		<Unit filename="llips/llips_general.c">
			<Option compilerVar="CC" />
		</Unit>
		<Unit filename="llips/llips_general.h" />
		<Unit filename="llips/llips_includes.h" />
		<Unit filename="llips/llips_io.c">
			<Option compilerVar="CC" />
		</Unit>
		<Unit filename="llips/llips_io.h" />
		<Unit filename="llips/llips_motiondetect.c">
			<Option compilerVar="CC" />
		</Unit>
		<Unit filename="llips/llips_motiondetect.h" />
		<Unit filename="llips/llips_type.h" />
		<Unit filename="main.c">
			<Option compilerVar="CC" />
		</Unit>
		<Extensions>
			<code_completion />
			<envvars />
			<debugger />
			<lib_finder disable_auto="1" />
		</Extensions>
	</Project>
</CodeBlocks_project_file>
